
Microsoft Visual Studio Solution File, Format Version 12.00
# Visual Studio Version 17
VisualStudioVersion = 17.7.34031.279
MinimumVisualStudioVersion = 10.0.40219.1
Project("{FAE04EC0-301F-11D3-BF4B-00C04F79EFBC}") = "Practica 1-SRV", "Practica 1-SRV\Practica 1-SRV.csproj", "{5D428ED2-52BD-4759-ABA5-F943B72FD548}"
EndProject
Global
	GlobalSection(SolutionConfigurationPlatforms) = preSolution
		Debug|Any CPU = Debug|Any CPU
		Release|Any CPU = Release|Any CPU
	EndGlobalSection
	GlobalSection(ProjectConfigurationPlatforms) = postSolution
		{5D428ED2-52BD-4759-ABA5-F943B72FD548}.Debug|Any CPU.ActiveCfg = Debug|Any CPU
		{5D428ED2-52BD-4759-ABA5-F943B72FD548}.Debug|Any CPU.Build.0 = Debug|Any CPU
		{5D428ED2-52BD-4759-ABA5-F943B72FD548}.Release|Any CPU.ActiveCfg = Release|Any CPU
		{5D428ED2-52BD-4759-ABA5-F943B72FD548}.Release|Any CPU.Build.0 = Release|Any CPU
	EndGlobalSection
	GlobalSection(SolutionProperties) = preSolution
		HideSolutionNode = FALSE
	EndGlobalSection
	GlobalSection(ExtensibilityGlobals) = postSolution
		SolutionGuid = {8D391133-337F-4931-8F79-2FA0089F06B8}
	EndGlobalSection
EndGlobal
